
Microsoft Visual Studio Solution File, Format Version 12.00
# Visual Studio Version 17
VisualStudioVersion = 17.2.32616.157
MinimumVisualStudioVersion = 10.0.40219.1
Project("{FAE04EC0-301F-11D3-BF4B-00C04F79EFBC}") = "Zip Demo1", "Zip Demo1\Zip Demo1.csproj", "{4E22A6DD-400F-4F61-A891-9396CECDDE9A}"
EndProject
Global
	GlobalSection(SolutionConfigurationPlatforms) = preSolution
		Debug|Any CPU = Debug|Any CPU
		Release|Any CPU = Release|Any CPU
	EndGlobalSection
	GlobalSection(ProjectConfigurationPlatforms) = postSolution
		{4E22A6DD-400F-4F61-A891-9396CECDDE9A}.Debug|Any CPU.ActiveCfg = Debug|Any CPU
		{4E22A6DD-400F-4F61-A891-9396CECDDE9A}.Debug|Any CPU.Build.0 = Debug|Any CPU
		{4E22A6DD-400F-4F61-A891-9396CECDDE9A}.Release|Any CPU.ActiveCfg = Release|Any CPU
		{4E22A6DD-400F-4F61-A891-9396CECDDE9A}.Release|Any CPU.Build.0 = Release|Any CPU
	EndGlobalSection
	GlobalSection(SolutionProperties) = preSolution
		HideSolutionNode = FALSE
	EndGlobalSection
	GlobalSection(ExtensibilityGlobals) = postSolution
		SolutionGuid = {62D80F60-A820-4440-919F-B96D89BE646C}
	EndGlobalSection
EndGlobal
