
Microsoft Visual Studio Solution File, Format Version 12.00
# Visual Studio Version 17
VisualStudioVersion = 17.2.32616.157
MinimumVisualStudioVersion = 10.0.40219.1
Project("{9A19103F-16F7-4668-BE54-9A1E7A4F7556}") = "SharpZipLibDemo", "Zip Demo1\SharpZipLibDemo.csproj", "{4E22A6DD-400F-4F61-A891-9396CECDDE9A}"
EndProject
Project("{9A19103F-16F7-4668-BE54-9A1E7A4F7556}") = "DotNetZipDemo", "DotNetZipDemo\DotNetZipDemo.csproj", "{94B51CED-7244-49AF-8B43-E7810DAC23D5}"
EndProject
Project("{FAE04EC0-301F-11D3-BF4B-00C04F79EFBC}") = "DataEncoderDecoder", "DataEncoderDecoder\DataEncoderDecoder.csproj", "{803B661C-F828-4264-AF61-CDD266FD7C33}"
EndProject
Project("{FAE04EC0-301F-11D3-BF4B-00C04F79EFBC}") = "SevenZipSharp", "SevenZipSharp\SevenZipSharp.csproj", "{FE0F14B1-6A44-41BF-A7AE-C921DF803F46}"
EndProject
Global
	GlobalSection(SolutionConfigurationPlatforms) = preSolution
		Debug|Any CPU = Debug|Any CPU
		Release|Any CPU = Release|Any CPU
	EndGlobalSection
	GlobalSection(ProjectConfigurationPlatforms) = postSolution
		{4E22A6DD-400F-4F61-A891-9396CECDDE9A}.Debug|Any CPU.ActiveCfg = Debug|Any CPU
		{4E22A6DD-400F-4F61-A891-9396CECDDE9A}.Debug|Any CPU.Build.0 = Debug|Any CPU
		{4E22A6DD-400F-4F61-A891-9396CECDDE9A}.Release|Any CPU.ActiveCfg = Release|Any CPU
		{4E22A6DD-400F-4F61-A891-9396CECDDE9A}.Release|Any CPU.Build.0 = Release|Any CPU
		{94B51CED-7244-49AF-8B43-E7810DAC23D5}.Debug|Any CPU.ActiveCfg = Debug|Any CPU
		{94B51CED-7244-49AF-8B43-E7810DAC23D5}.Debug|Any CPU.Build.0 = Debug|Any CPU
		{94B51CED-7244-49AF-8B43-E7810DAC23D5}.Release|Any CPU.ActiveCfg = Release|Any CPU
		{94B51CED-7244-49AF-8B43-E7810DAC23D5}.Release|Any CPU.Build.0 = Release|Any CPU
		{803B661C-F828-4264-AF61-CDD266FD7C33}.Debug|Any CPU.ActiveCfg = Debug|Any CPU
		{803B661C-F828-4264-AF61-CDD266FD7C33}.Debug|Any CPU.Build.0 = Debug|Any CPU
		{803B661C-F828-4264-AF61-CDD266FD7C33}.Release|Any CPU.ActiveCfg = Release|Any CPU
		{803B661C-F828-4264-AF61-CDD266FD7C33}.Release|Any CPU.Build.0 = Release|Any CPU
		{FE0F14B1-6A44-41BF-A7AE-C921DF803F46}.Debug|Any CPU.ActiveCfg = Debug|Any CPU
		{FE0F14B1-6A44-41BF-A7AE-C921DF803F46}.Debug|Any CPU.Build.0 = Debug|Any CPU
		{FE0F14B1-6A44-41BF-A7AE-C921DF803F46}.Release|Any CPU.ActiveCfg = Release|Any CPU
		{FE0F14B1-6A44-41BF-A7AE-C921DF803F46}.Release|Any CPU.Build.0 = Release|Any CPU
	EndGlobalSection
	GlobalSection(SolutionProperties) = preSolution
		HideSolutionNode = FALSE
	EndGlobalSection
	GlobalSection(ExtensibilityGlobals) = postSolution
		SolutionGuid = {62D80F60-A820-4440-919F-B96D89BE646C}
	EndGlobalSection
EndGlobal
